
Microsoft Visual Studio Solution File, Format Version 12.00
# Visual Studio 15
VisualStudioVersion = 15.0.28307.421
MinimumVisualStudioVersion = 10.0.40219.1
Project("{FAE04EC0-301F-11D3-BF4B-00C04F79EFBC}") = "belajarLoginLagi", "belajarLoginLagi\belajarLoginLagi.csproj", "{35C6089E-E8C0-4377-B053-9DCA2F2245DE}"
EndProject
Global
	GlobalSection(SolutionConfigurationPlatforms) = preSolution
		Debug|Any CPU = Debug|Any CPU
		Release|Any CPU = Release|Any CPU
	EndGlobalSection
	GlobalSection(ProjectConfigurationPlatforms) = postSolution
		{35C6089E-E8C0-4377-B053-9DCA2F2245DE}.Debug|Any CPU.ActiveCfg = Debug|Any CPU
		{35C6089E-E8C0-4377-B053-9DCA2F2245DE}.Debug|Any CPU.Build.0 = Debug|Any CPU
		{35C6089E-E8C0-4377-B053-9DCA2F2245DE}.Release|Any CPU.ActiveCfg = Release|Any CPU
		{35C6089E-E8C0-4377-B053-9DCA2F2245DE}.Release|Any CPU.Build.0 = Release|Any CPU
	EndGlobalSection
	GlobalSection(SolutionProperties) = preSolution
		HideSolutionNode = FALSE
	EndGlobalSection
	GlobalSection(ExtensibilityGlobals) = postSolution
		SolutionGuid = {78EB4C5A-C5FB-42ED-B23D-26585FD8BBAD}
	EndGlobalSection
EndGlobal
